
Microsoft Visual Studio Solution File, Format Version 12.00
# Visual Studio Version 17
VisualStudioVersion = 17.11.35327.3
MinimumVisualStudioVersion = 10.0.40219.1
Project("{FAE04EC0-301F-11D3-BF4B-00C04F79EFBC}") = "MobilKitapOkumaSistemiBackend", "MobilKitapOkumaSistemiBackend.csproj", "{3BF89D9E-410F-4407-B8E0-C0C9A8489F1B}"
EndProject
Global
	GlobalSection(SolutionConfigurationPlatforms) = preSolution
		Debug|Any CPU = Debug|Any CPU
		Release|Any CPU = Release|Any CPU
	EndGlobalSection
	GlobalSection(ProjectConfigurationPlatforms) = postSolution
		{3BF89D9E-410F-4407-B8E0-C0C9A8489F1B}.Debug|Any CPU.ActiveCfg = Debug|Any CPU
		{3BF89D9E-410F-4407-B8E0-C0C9A8489F1B}.Debug|Any CPU.Build.0 = Debug|Any CPU
		{3BF89D9E-410F-4407-B8E0-C0C9A8489F1B}.Release|Any CPU.ActiveCfg = Release|Any CPU
		{3BF89D9E-410F-4407-B8E0-C0C9A8489F1B}.Release|Any CPU.Build.0 = Release|Any CPU
	EndGlobalSection
	GlobalSection(SolutionProperties) = preSolution
		HideSolutionNode = FALSE
	EndGlobalSection
	GlobalSection(ExtensibilityGlobals) = postSolution
		SolutionGuid = {E746EDED-0E19-4CB9-AA6B-A3644710EBD2}
	EndGlobalSection
EndGlobal
